
Microsoft Visual Studio Solution File, Format Version 12.00
# Visual Studio Version 17
VisualStudioVersion = 17.3.32721.290
MinimumVisualStudioVersion = 10.0.40219.1
Project("{FAE04EC0-301F-11D3-BF4B-00C04F79EFBC}") = "Vidly", "Vidly\Vidly.csproj", "{F041A356-6EBF-4706-BE09-D52263B30A27}"
EndProject
Global
	GlobalSection(SolutionConfigurationPlatforms) = preSolution
		Debug|Any CPU = Debug|Any CPU
		Release|Any CPU = Release|Any CPU
	EndGlobalSection
	GlobalSection(ProjectConfigurationPlatforms) = postSolution
		{F041A356-6EBF-4706-BE09-D52263B30A27}.Debug|Any CPU.ActiveCfg = Debug|Any CPU
		{F041A356-6EBF-4706-BE09-D52263B30A27}.Debug|Any CPU.Build.0 = Debug|Any CPU
		{F041A356-6EBF-4706-BE09-D52263B30A27}.Release|Any CPU.ActiveCfg = Release|Any CPU
		{F041A356-6EBF-4706-BE09-D52263B30A27}.Release|Any CPU.Build.0 = Release|Any CPU
	EndGlobalSection
	GlobalSection(SolutionProperties) = preSolution
		HideSolutionNode = FALSE
	EndGlobalSection
	GlobalSection(ExtensibilityGlobals) = postSolution
		SolutionGuid = {6664022E-C917-4BCD-9BEA-B8B6F0E41869}
	EndGlobalSection
EndGlobal
